
Microsoft Visual Studio Solution File, Format Version 12.00
# Visual Studio 15
Project("{FAE04EC0-301F-11D3-BF4B-00C04F79EFBC}") = "UnityEngine.UI", "UnityEngine.UI.csproj", "{C1DA9CA7-458F-FE62-80D4-738A51A4C9DC}"
EndProject
Project("{FAE04EC0-301F-11D3-BF4B-00C04F79EFBC}") = "Unity.TextMeshPro.Editor", "Unity.TextMeshPro.Editor.csproj", "{601DE7D5-E6FC-F88B-608F-DA084D1B016A}"
EndProject
Project("{FAE04EC0-301F-11D3-BF4B-00C04F79EFBC}") = "UnityEditor.UI", "UnityEditor.UI.csproj", "{CE052A6B-81BC-3494-005F-4B6B2FE8E49F}"
EndProject
Project("{FAE04EC0-301F-11D3-BF4B-00C04F79EFBC}") = "Unity.TextMeshPro", "Unity.TextMeshPro.csproj", "{D8EA06D3-70D0-D665-92FC-53DCC87461A3}"
EndProject
Project("{FAE04EC0-301F-11D3-BF4B-00C04F79EFBC}") = "Unity.2D.Sprite.Editor", "Unity.2D.Sprite.Editor.csproj", "{0F511FB4-6E37-E352-FBE4-DD4B08DC8CF2}"
EndProject
Project("{FAE04EC0-301F-11D3-BF4B-00C04F79EFBC}") = "Assembly-CSharp", "Assembly-CSharp.csproj", "{0569ABA8-06F1-DC78-3D42-4E7740AFB54F}"
EndProject
Global
	GlobalSection(SolutionConfigurationPlatforms) = preSolution
		Debug|Any CPU = Debug|Any CPU
		Release|Any CPU = Release|Any CPU
	EndGlobalSection
	GlobalSection(ProjectConfigurationPlatforms) = postSolution
		{C1DA9CA7-458F-FE62-80D4-738A51A4C9DC}.Debug|Any CPU.ActiveCfg = Debug|Any CPU
		{C1DA9CA7-458F-FE62-80D4-738A51A4C9DC}.Debug|Any CPU.Build.0 = Debug|Any CPU
		{C1DA9CA7-458F-FE62-80D4-738A51A4C9DC}.Release|Any CPU.ActiveCfg = Release|Any CPU
		{C1DA9CA7-458F-FE62-80D4-738A51A4C9DC}.Release|Any CPU.Build.0 = Release|Any CPU
		{601DE7D5-E6FC-F88B-608F-DA084D1B016A}.Debug|Any CPU.ActiveCfg = Debug|Any CPU
		{601DE7D5-E6FC-F88B-608F-DA084D1B016A}.Debug|Any CPU.Build.0 = Debug|Any CPU
		{601DE7D5-E6FC-F88B-608F-DA084D1B016A}.Release|Any CPU.ActiveCfg = Release|Any CPU
		{601DE7D5-E6FC-F88B-608F-DA084D1B016A}.Release|Any CPU.Build.0 = Release|Any CPU
		{CE052A6B-81BC-3494-005F-4B6B2FE8E49F}.Debug|Any CPU.ActiveCfg = Debug|Any CPU
		{CE052A6B-81BC-3494-005F-4B6B2FE8E49F}.Debug|Any CPU.Build.0 = Debug|Any CPU
		{CE052A6B-81BC-3494-005F-4B6B2FE8E49F}.Release|Any CPU.ActiveCfg = Release|Any CPU
		{CE052A6B-81BC-3494-005F-4B6B2FE8E49F}.Release|Any CPU.Build.0 = Release|Any CPU
		{D8EA06D3-70D0-D665-92FC-53DCC87461A3}.Debug|Any CPU.ActiveCfg = Debug|Any CPU
		{D8EA06D3-70D0-D665-92FC-53DCC87461A3}.Debug|Any CPU.Build.0 = Debug|Any CPU
		{D8EA06D3-70D0-D665-92FC-53DCC87461A3}.Release|Any CPU.ActiveCfg = Release|Any CPU
		{D8EA06D3-70D0-D665-92FC-53DCC87461A3}.Release|Any CPU.Build.0 = Release|Any CPU
		{0F511FB4-6E37-E352-FBE4-DD4B08DC8CF2}.Debug|Any CPU.ActiveCfg = Debug|Any CPU
		{0F511FB4-6E37-E352-FBE4-DD4B08DC8CF2}.Debug|Any CPU.Build.0 = Debug|Any CPU
		{0F511FB4-6E37-E352-FBE4-DD4B08DC8CF2}.Release|Any CPU.ActiveCfg = Release|Any CPU
		{0F511FB4-6E37-E352-FBE4-DD4B08DC8CF2}.Release|Any CPU.Build.0 = Release|Any CPU
		{0569ABA8-06F1-DC78-3D42-4E7740AFB54F}.Debug|Any CPU.ActiveCfg = Debug|Any CPU
		{0569ABA8-06F1-DC78-3D42-4E7740AFB54F}.Debug|Any CPU.Build.0 = Debug|Any CPU
		{0569ABA8-06F1-DC78-3D42-4E7740AFB54F}.Release|Any CPU.ActiveCfg = Release|Any CPU
		{0569ABA8-06F1-DC78-3D42-4E7740AFB54F}.Release|Any CPU.Build.0 = Release|Any CPU
	EndGlobalSection
	GlobalSection(SolutionProperties) = preSolution
		HideSolutionNode = FALSE
	EndGlobalSection
EndGlobal
